
Microsoft Visual Studio Solution File, Format Version 12.00
# Visual Studio Version 17
VisualStudioVersion = 17.0.32112.339
MinimumVisualStudioVersion = 10.0.40219.1
Project("{9A19103F-16F7-4668-BE54-9A1E7A4F7556}") = "FootballManager", "ASP.NET-FootballManager\FootballManager.csproj", "{968C9A27-4B91-4B22-B7AB-DE439317B99A}"
EndProject
Project("{9A19103F-16F7-4668-BE54-9A1E7A4F7556}") = "FootballManager.Infrastructure", "FootballManager.Infrastructure\FootballManager.Infrastructure.csproj", "{CBE5E478-2F01-47CA-A9B3-7F7E75817DB3}"
EndProject
Project("{9A19103F-16F7-4668-BE54-9A1E7A4F7556}") = "FootballManager.Core", "FootballManager.Core\FootballManager.Core.csproj", "{ACB8E9C2-86AC-4781-BDDD-48F55DCB9E22}"
EndProject
Project("{9A19103F-16F7-4668-BE54-9A1E7A4F7556}") = "FootballManager.Test", "FootballManager.Test\FootballManager.Test.csproj", "{84FF485D-B132-49CE-9741-025260E45029}"
EndProject
Global
	GlobalSection(SolutionConfigurationPlatforms) = preSolution
		Debug|Any CPU = Debug|Any CPU
		Release|Any CPU = Release|Any CPU
	EndGlobalSection
	GlobalSection(ProjectConfigurationPlatforms) = postSolution
		{968C9A27-4B91-4B22-B7AB-DE439317B99A}.Debug|Any CPU.ActiveCfg = Debug|Any CPU
		{968C9A27-4B91-4B22-B7AB-DE439317B99A}.Debug|Any CPU.Build.0 = Debug|Any CPU
		{968C9A27-4B91-4B22-B7AB-DE439317B99A}.Release|Any CPU.ActiveCfg = Release|Any CPU
		{968C9A27-4B91-4B22-B7AB-DE439317B99A}.Release|Any CPU.Build.0 = Release|Any CPU
		{CBE5E478-2F01-47CA-A9B3-7F7E75817DB3}.Debug|Any CPU.ActiveCfg = Debug|Any CPU
		{CBE5E478-2F01-47CA-A9B3-7F7E75817DB3}.Debug|Any CPU.Build.0 = Debug|Any CPU
		{CBE5E478-2F01-47CA-A9B3-7F7E75817DB3}.Release|Any CPU.ActiveCfg = Release|Any CPU
		{CBE5E478-2F01-47CA-A9B3-7F7E75817DB3}.Release|Any CPU.Build.0 = Release|Any CPU
		{ACB8E9C2-86AC-4781-BDDD-48F55DCB9E22}.Debug|Any CPU.ActiveCfg = Debug|Any CPU
		{ACB8E9C2-86AC-4781-BDDD-48F55DCB9E22}.Debug|Any CPU.Build.0 = Debug|Any CPU
		{ACB8E9C2-86AC-4781-BDDD-48F55DCB9E22}.Release|Any CPU.ActiveCfg = Release|Any CPU
		{ACB8E9C2-86AC-4781-BDDD-48F55DCB9E22}.Release|Any CPU.Build.0 = Release|Any CPU
		{84FF485D-B132-49CE-9741-025260E45029}.Debug|Any CPU.ActiveCfg = Debug|Any CPU
		{84FF485D-B132-49CE-9741-025260E45029}.Debug|Any CPU.Build.0 = Debug|Any CPU
		{84FF485D-B132-49CE-9741-025260E45029}.Release|Any CPU.ActiveCfg = Release|Any CPU
		{84FF485D-B132-49CE-9741-025260E45029}.Release|Any CPU.Build.0 = Release|Any CPU
	EndGlobalSection
	GlobalSection(SolutionProperties) = preSolution
		HideSolutionNode = FALSE
	EndGlobalSection
	GlobalSection(ExtensibilityGlobals) = postSolution
		SolutionGuid = {A9A0F456-E81C-4636-9C03-AFD18A2BC07B}
	EndGlobalSection
EndGlobal
